
Microsoft Visual Studio Solution File, Format Version 12.00
# Visual Studio 15
VisualStudioVersion = 15.0.26730.16
MinimumVisualStudioVersion = 10.0.40219.1
Project("{9A19103F-16F7-4668-BE54-9A1E7A4F7556}") = "FFCG.Weather.Models", "FFCG.Weather.Models\FFCG.Weather.Models.csproj", "{E31AC93B-1641-4DAC-9712-05CCDDB92F12}"
EndProject
Project("{9A19103F-16F7-4668-BE54-9A1E7A4F7556}") = "FFCG.Weather.API", "FFCG.Weather.API\FFCG.Weather.API.csproj", "{5E3F7475-4DDF-4B9A-9D37-F0B78E0D684C}"
EndProject
Project("{FAE04EC0-301F-11D3-BF4B-00C04F79EFBC}") = "FFCG.Weather.Tests", "FFCG.Weather.Tests\FFCG.Weather.Tests.csproj", "{9CE15B41-0F4C-449F-965A-91AE53111A01}"
EndProject
Global
	GlobalSection(SolutionConfigurationPlatforms) = preSolution
		Debug|Any CPU = Debug|Any CPU
		Release|Any CPU = Release|Any CPU
	EndGlobalSection
	GlobalSection(ProjectConfigurationPlatforms) = postSolution
		{E31AC93B-1641-4DAC-9712-05CCDDB92F12}.Debug|Any CPU.ActiveCfg = Debug|Any CPU
		{E31AC93B-1641-4DAC-9712-05CCDDB92F12}.Debug|Any CPU.Build.0 = Debug|Any CPU
		{E31AC93B-1641-4DAC-9712-05CCDDB92F12}.Release|Any CPU.ActiveCfg = Release|Any CPU
		{E31AC93B-1641-4DAC-9712-05CCDDB92F12}.Release|Any CPU.Build.0 = Release|Any CPU
		{5E3F7475-4DDF-4B9A-9D37-F0B78E0D684C}.Debug|Any CPU.ActiveCfg = Debug|Any CPU
		{5E3F7475-4DDF-4B9A-9D37-F0B78E0D684C}.Debug|Any CPU.Build.0 = Debug|Any CPU
		{5E3F7475-4DDF-4B9A-9D37-F0B78E0D684C}.Release|Any CPU.ActiveCfg = Release|Any CPU
		{5E3F7475-4DDF-4B9A-9D37-F0B78E0D684C}.Release|Any CPU.Build.0 = Release|Any CPU
		{9CE15B41-0F4C-449F-965A-91AE53111A01}.Debug|Any CPU.ActiveCfg = Debug|Any CPU
		{9CE15B41-0F4C-449F-965A-91AE53111A01}.Debug|Any CPU.Build.0 = Debug|Any CPU
		{9CE15B41-0F4C-449F-965A-91AE53111A01}.Release|Any CPU.ActiveCfg = Release|Any CPU
		{9CE15B41-0F4C-449F-965A-91AE53111A01}.Release|Any CPU.Build.0 = Release|Any CPU
	EndGlobalSection
	GlobalSection(SolutionProperties) = preSolution
		HideSolutionNode = FALSE
	EndGlobalSection
	GlobalSection(ExtensibilityGlobals) = postSolution
		SolutionGuid = {0B59001E-DED9-4F84-B581-941A795CF173}
	EndGlobalSection
EndGlobal
