
Microsoft Visual Studio Solution File, Format Version 12.00
# Visual Studio 15
VisualStudioVersion = 15.0.26730.16
MinimumVisualStudioVersion = 10.0.40219.1
Project("{FAE04EC0-301F-11D3-BF4B-00C04F79EFBC}") = "FFCG.Generation.DiceWithDeath", "FFCG.Generation.DiceWithDeath\FFCG.Generation.DiceWithDeath.csproj", "{0A08084D-1F9B-4E61-B288-B16E9C9C4E0B}"
EndProject
Project("{FAE04EC0-301F-11D3-BF4B-00C04F79EFBC}") = "FFCG.Generation.DiceWithDeath.Host", "FFCG.Generation.DiceWithDeath.Host\FFCG.Generation.DiceWithDeath.Host.csproj", "{B7159EB9-3CB3-474E-8307-1055F43AEA8D}"
EndProject
Project("{FAE04EC0-301F-11D3-BF4B-00C04F79EFBC}") = "FFCG.Generation.DiceWithDeath.Tests", "FFCG.Generation.DiceWithDeath.Tests\FFCG.Generation.DiceWithDeath.Tests.csproj", "{F784AB17-06B1-48AF-836F-FB1735268A7F}"
EndProject
Global
	GlobalSection(SolutionConfigurationPlatforms) = preSolution
		Debug|Any CPU = Debug|Any CPU
		Release|Any CPU = Release|Any CPU
	EndGlobalSection
	GlobalSection(ProjectConfigurationPlatforms) = postSolution
		{0A08084D-1F9B-4E61-B288-B16E9C9C4E0B}.Debug|Any CPU.ActiveCfg = Debug|Any CPU
		{0A08084D-1F9B-4E61-B288-B16E9C9C4E0B}.Debug|Any CPU.Build.0 = Debug|Any CPU
		{0A08084D-1F9B-4E61-B288-B16E9C9C4E0B}.Release|Any CPU.ActiveCfg = Release|Any CPU
		{0A08084D-1F9B-4E61-B288-B16E9C9C4E0B}.Release|Any CPU.Build.0 = Release|Any CPU
		{B7159EB9-3CB3-474E-8307-1055F43AEA8D}.Debug|Any CPU.ActiveCfg = Debug|Any CPU
		{B7159EB9-3CB3-474E-8307-1055F43AEA8D}.Debug|Any CPU.Build.0 = Debug|Any CPU
		{B7159EB9-3CB3-474E-8307-1055F43AEA8D}.Release|Any CPU.ActiveCfg = Release|Any CPU
		{B7159EB9-3CB3-474E-8307-1055F43AEA8D}.Release|Any CPU.Build.0 = Release|Any CPU
		{F784AB17-06B1-48AF-836F-FB1735268A7F}.Debug|Any CPU.ActiveCfg = Debug|Any CPU
		{F784AB17-06B1-48AF-836F-FB1735268A7F}.Debug|Any CPU.Build.0 = Debug|Any CPU
		{F784AB17-06B1-48AF-836F-FB1735268A7F}.Release|Any CPU.ActiveCfg = Release|Any CPU
		{F784AB17-06B1-48AF-836F-FB1735268A7F}.Release|Any CPU.Build.0 = Release|Any CPU
	EndGlobalSection
	GlobalSection(SolutionProperties) = preSolution
		HideSolutionNode = FALSE
	EndGlobalSection
	GlobalSection(ExtensibilityGlobals) = postSolution
		SolutionGuid = {473EE7DB-7F43-4689-8684-95EE4218FACD}
	EndGlobalSection
EndGlobal
