
Microsoft Visual Studio Solution File, Format Version 12.00
# Visual Studio 15
VisualStudioVersion = 15.0.26730.16
MinimumVisualStudioVersion = 10.0.40219.1
Project("{FAE04EC0-301F-11D3-BF4B-00C04F79EFBC}") = "FFCG.Generation.Meteorolog", "FFCG.Generation.Meteorolog\FFCG.Generation.Meteorolog.csproj", "{BE19AF67-A87D-4785-92C9-A37E12B724AE}"
EndProject
Project("{FAE04EC0-301F-11D3-BF4B-00C04F79EFBC}") = "FFCG.Generation.Meteorolog.Host", "FFCG.Generation.Meteorolog.Host\FFCG.Generation.Meteorolog.Host.csproj", "{0B31B92A-8A94-4A6D-9454-0C195199A1D1}"
EndProject
Project("{FAE04EC0-301F-11D3-BF4B-00C04F79EFBC}") = "FFCG.Generation.Meteorolog.Tests", "FFCG.Generation.Meteorolog.Tests\FFCG.Generation.Meteorolog.Tests.csproj", "{2F68417D-C2E0-4A6B-966D-043A12523264}"
EndProject
Global
	GlobalSection(SolutionConfigurationPlatforms) = preSolution
		Debug|Any CPU = Debug|Any CPU
		Release|Any CPU = Release|Any CPU
	EndGlobalSection
	GlobalSection(ProjectConfigurationPlatforms) = postSolution
		{BE19AF67-A87D-4785-92C9-A37E12B724AE}.Debug|Any CPU.ActiveCfg = Debug|Any CPU
		{BE19AF67-A87D-4785-92C9-A37E12B724AE}.Debug|Any CPU.Build.0 = Debug|Any CPU
		{BE19AF67-A87D-4785-92C9-A37E12B724AE}.Release|Any CPU.ActiveCfg = Release|Any CPU
		{BE19AF67-A87D-4785-92C9-A37E12B724AE}.Release|Any CPU.Build.0 = Release|Any CPU
		{0B31B92A-8A94-4A6D-9454-0C195199A1D1}.Debug|Any CPU.ActiveCfg = Debug|Any CPU
		{0B31B92A-8A94-4A6D-9454-0C195199A1D1}.Debug|Any CPU.Build.0 = Debug|Any CPU
		{0B31B92A-8A94-4A6D-9454-0C195199A1D1}.Release|Any CPU.ActiveCfg = Release|Any CPU
		{0B31B92A-8A94-4A6D-9454-0C195199A1D1}.Release|Any CPU.Build.0 = Release|Any CPU
		{2F68417D-C2E0-4A6B-966D-043A12523264}.Debug|Any CPU.ActiveCfg = Debug|Any CPU
		{2F68417D-C2E0-4A6B-966D-043A12523264}.Debug|Any CPU.Build.0 = Debug|Any CPU
		{2F68417D-C2E0-4A6B-966D-043A12523264}.Release|Any CPU.ActiveCfg = Release|Any CPU
		{2F68417D-C2E0-4A6B-966D-043A12523264}.Release|Any CPU.Build.0 = Release|Any CPU
	EndGlobalSection
	GlobalSection(SolutionProperties) = preSolution
		HideSolutionNode = FALSE
	EndGlobalSection
	GlobalSection(ExtensibilityGlobals) = postSolution
		SolutionGuid = {D193BAAB-97E4-48F1-B7F7-1676170BEAD7}
	EndGlobalSection
EndGlobal
